// !$*UTF8*$!
{
	archiveVersion = 1;
	classes = {
	};
	objectVersion = 46;
	objects = {

/* Begin PBXBuildFile section */
		174B5AEA1DFA7B3200B4817D /* BaiduMapAPI_Base.framework in Frameworks */ = {isa = PBXBuildFile; fileRef = 174B5AE51DFA7B3200B4817D /* BaiduMapAPI_Base.framework */; };
		174B5AEB1DFA7B3200B4817D /* BaiduMapAPI_Location.framework in Frameworks */ = {isa = PBXBuildFile; fileRef = 174B5AE61DFA7B3200B4817D /* BaiduMapAPI_Location.framework */; };
		174B5AEC1DFA7B3200B4817D /* BaiduMapAPI_Map.framework in Frameworks */ = {isa = PBXBuildFile; fileRef = 174B5AE71DFA7B3200B4817D /* BaiduMapAPI_Map.framework */; };
		174B5AED1DFA7B3200B4817D /* BaiduMapAPI_Search.framework in Frameworks */ = {isa = PBXBuildFile; fileRef = 174B5AE81DFA7B3200B4817D /* BaiduMapAPI_Search.framework */; };
		174B5AEE1DFA7B3200B4817D /* BaiduMapAPI_Utils.framework in Frameworks */ = {isa = PBXBuildFile; fileRef = 174B5AE91DFA7B3200B4817D /* BaiduMapAPI_Utils.framework */; };
		174B5AF01DFA7BB900B4817D /* CoreLocation.framework in Frameworks */ = {isa = PBXBuildFile; fileRef = 174B5AEF1DFA7BB900B4817D /* CoreLocation.framework */; };
		174B5AF21DFA7BD300B4817D /* QuartzCore.framework in Frameworks */ = {isa = PBXBuildFile; fileRef = 174B5AF11DFA7BD300B4817D /* QuartzCore.framework */; };
		174B5AF41DFA7BE500B4817D /* OpenGLES.framework in Frameworks */ = {isa = PBXBuildFile; fileRef = 174B5AF31DFA7BE500B4817D /* OpenGLES.framework */; };
		174B5AF61DFA7BF700B4817D /* SystemConfiguration.framework in Frameworks */ = {isa = PBXBuildFile; fileRef = 174B5AF51DFA7BF700B4817D /* SystemConfiguration.framework */; };
		174B5AF81DFA7C2200B4817D /* CoreGraphics.framework in Frameworks */ = {isa = PBXBuildFile; fileRef = 174B5AF71DFA7C2200B4817D /* CoreGraphics.framework */; };
		174B5AFA1DFA7C4200B4817D /* Security.framework in Frameworks */ = {isa = PBXBuildFile; fileRef = 174B5AF91DFA7C4200B4817D /* Security.framework */; };
		174B5AFC1DFA7C6200B4817D /* CoreTelephony.framework in Frameworks */ = {isa = PBXBuildFile; fileRef = 174B5AFB1DFA7C6200B4817D /* CoreTelephony.framework */; };
		174B5AFE1DFA7C8700B4817D /* libsqlite3.0.tbd in Frameworks */ = {isa = PBXBuildFile; fileRef = 174B5AFD1DFA7C8700B4817D /* libsqlite3.0.tbd */; };
		174B5B001DFA7C9E00B4817D /* libstdc++.6.0.9.tbd in Frameworks */ = {isa = PBXBuildFile; fileRef = 174B5AFF1DFA7C9E00B4817D /* libstdc++.6.0.9.tbd */; };
		1773BDD21E779B40005CCBED /* MKRecentHistoryCell.m in Sources */ = {isa = PBXBuildFile; fileRef = 1773BDD11E779B40005CCBED /* MKRecentHistoryCell.m */; };
		178992721E8DEC090088F294 /* CityPickerViewController.m in Sources */ = {isa = PBXBuildFile; fileRef = 178992711E8DEC090088F294 /* CityPickerViewController.m */; };
		178992AD1E8DF2BE0088F294 /* MASCompositeConstraint.m in Sources */ = {isa = PBXBuildFile; fileRef = 178992971E8DF2BE0088F294 /* MASCompositeConstraint.m */; };
		178992AE1E8DF2BE0088F294 /* MASConstraint.m in Sources */ = {isa = PBXBuildFile; fileRef = 1789929A1E8DF2BE0088F294 /* MASConstraint.m */; };
		178992AF1E8DF2BE0088F294 /* MASConstraintMaker.m in Sources */ = {isa = PBXBuildFile; fileRef = 1789929C1E8DF2BE0088F294 /* MASConstraintMaker.m */; };
		178992B01E8DF2BE0088F294 /* MASLayoutConstraint.m in Sources */ = {isa = PBXBuildFile; fileRef = 1789929E1E8DF2BE0088F294 /* MASLayoutConstraint.m */; };
		178992B11E8DF2BE0088F294 /* MASViewAttribute.m in Sources */ = {isa = PBXBuildFile; fileRef = 178992A21E8DF2BE0088F294 /* MASViewAttribute.m */; };
		178992B21E8DF2BE0088F294 /* MASViewConstraint.m in Sources */ = {isa = PBXBuildFile; fileRef = 178992A41E8DF2BE0088F294 /* MASViewConstraint.m */; };
		178992B31E8DF2BE0088F294 /* NSArray+MASAdditions.m in Sources */ = {isa = PBXBuildFile; fileRef = 178992A61E8DF2BE0088F294 /* NSArray+MASAdditions.m */; };
		178992B41E8DF2BE0088F294 /* NSLayoutConstraint+MASDebugAdditions.m in Sources */ = {isa = PBXBuildFile; fileRef = 178992A91E8DF2BE0088F294 /* NSLayoutConstraint+MASDebugAdditions.m */; };
		178992B51E8DF2BE0088F294 /* View+MASAdditions.m in Sources */ = {isa = PBXBuildFile; fileRef = 178992AB1E8DF2BE0088F294 /* View+MASAdditions.m */; };
		178992BA1E8E4C800088F294 /* HXSearchBar.m in Sources */ = {isa = PBXBuildFile; fileRef = 178992B91E8E4C800088F294 /* HXSearchBar.m */; };
		17A76EE71E8CC9C500F95912 /* AnimationIndexView.m in Sources */ = {isa = PBXBuildFile; fileRef = 17A76EE61E8CC9C500F95912 /* AnimationIndexView.m */; };
		17ED38771DFFB9D90038DD84 /* mapapi.bundle in Resources */ = {isa = PBXBuildFile; fileRef = 17ED38761DFFB9D90038DD84 /* mapapi.bundle */; };
		17F73A8D1E0903A60003D100 /* SearchResultTableViewController.m in Sources */ = {isa = PBXBuildFile; fileRef = 17F73A8C1E0903A60003D100 /* SearchResultTableViewController.m */; };
		17F805331E07693A00DF1DBF /* AppDelegate.mm in Sources */ = {isa = PBXBuildFile; fileRef = 17F805241E07693A00DF1DBF /* AppDelegate.mm */; };
		17F805341E07693A00DF1DBF /* Assets.xcassets in Resources */ = {isa = PBXBuildFile; fileRef = 17F805251E07693A00DF1DBF /* Assets.xcassets */; };
		17F805351E07693A00DF1DBF /* LaunchScreen.storyboard in Resources */ = {isa = PBXBuildFile; fileRef = 17F805261E07693A00DF1DBF /* LaunchScreen.storyboard */; };
		17F805361E07693A00DF1DBF /* Main.storyboard in Resources */ = {isa = PBXBuildFile; fileRef = 17F805281E07693A00DF1DBF /* Main.storyboard */; };
		17F805381E07693A00DF1DBF /* LocationManager.m in Sources */ = {isa = PBXBuildFile; fileRef = 17F8052C1E07693A00DF1DBF /* LocationManager.m */; };
		17F805391E07693A00DF1DBF /* main.m in Sources */ = {isa = PBXBuildFile; fileRef = 17F8052D1E07693A00DF1DBF /* main.m */; };
		17F8053B1E07693A00DF1DBF /* ViewController.m in Sources */ = {isa = PBXBuildFile; fileRef = 17F805311E07693A00DF1DBF /* ViewController.m */; };
		17F8053F1E076D3800DF1DBF /* MKHotCityCell.m in Sources */ = {isa = PBXBuildFile; fileRef = 17F8053E1E076D3800DF1DBF /* MKHotCityCell.m */; };
		17F805421E076EFB00DF1DBF /* MKCurrentCityCell.m in Sources */ = {isa = PBXBuildFile; fileRef = 17F805411E076EFB00DF1DBF /* MKCurrentCityCell.m */; };
		17F8054C1E07AA0400DF1DBF /* cities.plist in Resources */ = {isa = PBXBuildFile; fileRef = 17F805481E07AA0400DF1DBF /* cities.plist */; };
		17F8054D1E07AA0400DF1DBF /* ChineseToPinyin.m in Sources */ = {isa = PBXBuildFile; fileRef = 17F8054B1E07AA0400DF1DBF /* ChineseToPinyin.m */; };
/* End PBXBuildFile section */

/* Begin PBXFileReference section */
		174B5ACA1DFA7AB600B4817D /* CitySelecter.app */ = {isa = PBXFileReference; explicitFileType = wrapper.application; includeInIndex = 0; path = CitySelecter.app; sourceTree = BUILT_PRODUCTS_DIR; };
		174B5AE51DFA7B3200B4817D /* BaiduMapAPI_Base.framework */ = {isa = PBXFileReference; lastKnownFileType = wrapper.framework; path = BaiduMapAPI_Base.framework; sourceTree = "<group>"; };
		174B5AE61DFA7B3200B4817D /* BaiduMapAPI_Location.framework */ = {isa = PBXFileReference; lastKnownFileType = wrapper.framework; path = BaiduMapAPI_Location.framework; sourceTree = "<group>"; };
		174B5AE71DFA7B3200B4817D /* BaiduMapAPI_Map.framework */ = {isa = PBXFileReference; lastKnownFileType = wrapper.framework; path = BaiduMapAPI_Map.framework; sourceTree = "<group>"; };
		174B5AE81DFA7B3200B4817D /* BaiduMapAPI_Search.framework */ = {isa = PBXFileReference; lastKnownFileType = wrapper.framework; path = BaiduMapAPI_Search.framework; sourceTree = "<group>"; };
		174B5AE91DFA7B3200B4817D /* BaiduMapAPI_Utils.framework */ = {isa = PBXFileReference; lastKnownFileType = wrapper.framework; path = BaiduMapAPI_Utils.framework; sourceTree = "<group>"; };
		174B5AEF1DFA7BB900B4817D /* CoreLocation.framework */ = {isa = PBXFileReference; lastKnownFileType = wrapper.framework; name = CoreLocation.framework; path = System/Library/Frameworks/CoreLocation.framework; sourceTree = SDKROOT; };
		174B5AF11DFA7BD300B4817D /* QuartzCore.framework */ = {isa = PBXFileReference; lastKnownFileType = wrapper.framework; name = QuartzCore.framework; path = System/Library/Frameworks/QuartzCore.framework; sourceTree = SDKROOT; };
		174B5AF31DFA7BE500B4817D /* OpenGLES.framework */ = {isa = PBXFileReference; lastKnownFileType = wrapper.framework; name = OpenGLES.framework; path = System/Library/Frameworks/OpenGLES.framework; sourceTree = SDKROOT; };
		174B5AF51DFA7BF700B4817D /* SystemConfiguration.framework */ = {isa = PBXFileReference; lastKnownFileType = wrapper.framework; name = SystemConfiguration.framework; path = System/Library/Frameworks/SystemConfiguration.framework; sourceTree = SDKROOT; };
		174B5AF71DFA7C2200B4817D /* CoreGraphics.framework */ = {isa = PBXFileReference; lastKnownFileType = wrapper.framework; name = CoreGraphics.framework; path = System/Library/Frameworks/CoreGraphics.framework; sourceTree = SDKROOT; };
		174B5AF91DFA7C4200B4817D /* Security.framework */ = {isa = PBXFileReference; lastKnownFileType = wrapper.framework; name = Security.framework; path = System/Library/Frameworks/Security.framework; sourceTree = SDKROOT; };
		174B5AFB1DFA7C6200B4817D /* CoreTelephony.framework */ = {isa = PBXFileReference; lastKnownFileType = wrapper.framework; name = CoreTelephony.framework; path = System/Library/Frameworks/CoreTelephony.framework; sourceTree = SDKROOT; };
		174B5AFD1DFA7C8700B4817D /* libsqlite3.0.tbd */ = {isa = PBXFileReference; lastKnownFileType = "sourcecode.text-based-dylib-definition"; name = libsqlite3.0.tbd; path = usr/lib/libsqlite3.0.tbd; sourceTree = SDKROOT; };
		174B5AFF1DFA7C9E00B4817D /* libstdc++.6.0.9.tbd */ = {isa = PBXFileReference; lastKnownFileType = "sourcecode.text-based-dylib-definition"; name = "libstdc++.6.0.9.tbd"; path = "usr/lib/libstdc++.6.0.9.tbd"; sourceTree = SDKROOT; };
		1773BDD01E779B40005CCBED /* MKRecentHistoryCell.h */ = {isa = PBXFileReference; fileEncoding = 4; lastKnownFileType = sourcecode.c.h; path = MKRecentHistoryCell.h; sourceTree = "<group>"; };
		1773BDD11E779B40005CCBED /* MKRecentHistoryCell.m */ = {isa = PBXFileReference; fileEncoding = 4; lastKnownFileType = sourcecode.c.objc; path = MKRecentHistoryCell.m; sourceTree = "<group>"; };
		178992701E8DEC090088F294 /* CityPickerViewController.h */ = {isa = PBXFileReference; fileEncoding = 4; lastKnownFileType = sourcecode.c.h; path = CityPickerViewController.h; sourceTree = "<group>"; };
		178992711E8DEC090088F294 /* CityPickerViewController.m */ = {isa = PBXFileReference; fileEncoding = 4; lastKnownFileType = sourcecode.c.objc; path = CityPickerViewController.m; sourceTree = "<group>"; };
		178992961E8DF2BE0088F294 /* MASCompositeConstraint.h */ = {isa = PBXFileReference; fileEncoding = 4; lastKnownFileType = sourcecode.c.h; path = MASCompositeConstraint.h; sourceTree = "<group>"; };
		178992971E8DF2BE0088F294 /* MASCompositeConstraint.m */ = {isa = PBXFileReference; fileEncoding = 4; lastKnownFileType = sourcecode.c.objc; path = MASCompositeConstraint.m; sourceTree = "<group>"; };
		178992981E8DF2BE0088F294 /* MASConstraint+Private.h */ = {isa = PBXFileReference; fileEncoding = 4; lastKnownFileType = sourcecode.c.h; path = "MASConstraint+Private.h"; sourceTree = "<group>"; };
		178992991E8DF2BE0088F294 /* MASConstraint.h */ = {isa = PBXFileReference; fileEncoding = 4; lastKnownFileType = sourcecode.c.h; path = MASConstraint.h; sourceTree = "<group>"; };
		1789929A1E8DF2BE0088F294 /* MASConstraint.m */ = {isa = PBXFileReference; fileEncoding = 4; lastKnownFileType = sourcecode.c.objc; path = MASConstraint.m; sourceTree = "<group>"; };
		1789929B1E8DF2BE0088F294 /* MASConstraintMaker.h */ = {isa = PBXFileReference; fileEncoding = 4; lastKnownFileType = sourcecode.c.h; path = MASConstraintMaker.h; sourceTree = "<group>"; };
		1789929C1E8DF2BE0088F294 /* MASConstraintMaker.m */ = {isa = PBXFileReference; fileEncoding = 4; lastKnownFileType = sourcecode.c.objc; path = MASConstraintMaker.m; sourceTree = "<group>"; };
		1789929D1E8DF2BE0088F294 /* MASLayoutConstraint.h */ = {isa = PBXFileReference; fileEncoding = 4; lastKnownFileType = sourcecode.c.h; path = MASLayoutConstraint.h; sourceTree = "<group>"; };
		1789929E1E8DF2BE0088F294 /* MASLayoutConstraint.m */ = {isa = PBXFileReference; fileEncoding = 4; lastKnownFileType = sourcecode.c.objc; path = MASLayoutConstraint.m; sourceTree = "<group>"; };
		1789929F1E8DF2BE0088F294 /* Masonry.h */ = {isa = PBXFileReference; fileEncoding = 4; lastKnownFileType = sourcecode.c.h; path = Masonry.h; sourceTree = "<group>"; };
		178992A01E8DF2BE0088F294 /* MASUtilities.h */ = {isa = PBXFileReference; fileEncoding = 4; lastKnownFileType = sourcecode.c.h; path = MASUtilities.h; sourceTree = "<group>"; };
		178992A11E8DF2BE0088F294 /* MASViewAttribute.h */ = {isa = PBXFileReference; fileEncoding = 4; lastKnownFileType = sourcecode.c.h; path = MASViewAttribute.h; sourceTree = "<group>"; };
		178992A21E8DF2BE0088F294 /* MASViewAttribute.m */ = {isa = PBXFileReference; fileEncoding = 4; lastKnownFileType = sourcecode.c.objc; path = MASViewAttribute.m; sourceTree = "<group>"; };
		178992A31E8DF2BE0088F294 /* MASViewConstraint.h */ = {isa = PBXFileReference; fileEncoding = 4; lastKnownFileType = sourcecode.c.h; path = MASViewConstraint.h; sourceTree = "<group>"; };
		178992A41E8DF2BE0088F294 /* MASViewConstraint.m */ = {isa = PBXFileReference; fileEncoding = 4; lastKnownFileType = sourcecode.c.objc; path = MASViewConstraint.m; sourceTree = "<group>"; };
		178992A51E8DF2BE0088F294 /* NSArray+MASAdditions.h */ = {isa = PBXFileReference; fileEncoding = 4; lastKnownFileType = sourcecode.c.h; path = "NSArray+MASAdditions.h"; sourceTree = "<group>"; };
		178992A61E8DF2BE0088F294 /* NSArray+MASAdditions.m */ = {isa = PBXFileReference; fileEncoding = 4; lastKnownFileType = sourcecode.c.objc; path = "NSArray+MASAdditions.m"; sourceTree = "<group>"; };
		178992A71E8DF2BE0088F294 /* NSArray+MASShorthandAdditions.h */ = {isa = PBXFileReference; fileEncoding = 4; lastKnownFileType = sourcecode.c.h; path = "NSArray+MASShorthandAdditions.h"; sourceTree = "<group>"; };
		178992A81E8DF2BE0088F294 /* NSLayoutConstraint+MASDebugAdditions.h */ = {isa = PBXFileReference; fileEncoding = 4; lastKnownFileType = sourcecode.c.h; path = "NSLayoutConstraint+MASDebugAdditions.h"; sourceTree = "<group>"; };
		178992A91E8DF2BE0088F294 /* NSLayoutConstraint+MASDebugAdditions.m */ = {isa = PBXFileReference; fileEncoding = 4; lastKnownFileType = sourcecode.c.objc; path = "NSLayoutConstraint+MASDebugAdditions.m"; sourceTree = "<group>"; };
		178992AA1E8DF2BE0088F294 /* View+MASAdditions.h */ = {isa = PBXFileReference; fileEncoding = 4; lastKnownFileType = sourcecode.c.h; path = "View+MASAdditions.h"; sourceTree = "<group>"; };
		178992AB1E8DF2BE0088F294 /* View+MASAdditions.m */ = {isa = PBXFileReference; fileEncoding = 4; lastKnownFileType = sourcecode.c.objc; path = "View+MASAdditions.m"; sourceTree = "<group>"; };
		178992AC1E8DF2BE0088F294 /* View+MASShorthandAdditions.h */ = {isa = PBXFileReference; fileEncoding = 4; lastKnownFileType = sourcecode.c.h; path = "View+MASShorthandAdditions.h"; sourceTree = "<group>"; };
		178992B81E8E4C800088F294 /* HXSearchBar.h */ = {isa = PBXFileReference; fileEncoding = 4; lastKnownFileType = sourcecode.c.h; path = HXSearchBar.h; sourceTree = "<group>"; };
		178992B91E8E4C800088F294 /* HXSearchBar.m */ = {isa = PBXFileReference; fileEncoding = 4; lastKnownFileType = sourcecode.c.objc; path = HXSearchBar.m; sourceTree = "<group>"; };
		17A76EE51E8CC9C500F95912 /* AnimationIndexView.h */ = {isa = PBXFileReference; fileEncoding = 4; lastKnownFileType = sourcecode.c.h; path = AnimationIndexView.h; sourceTree = "<group>"; };
		17A76EE61E8CC9C500F95912 /* AnimationIndexView.m */ = {isa = PBXFileReference; fileEncoding = 4; lastKnownFileType = sourcecode.c.objc; path = AnimationIndexView.m; sourceTree = "<group>"; };
		17ED38761DFFB9D90038DD84 /* mapapi.bundle */ = {isa = PBXFileReference; lastKnownFileType = "wrapper.plug-in"; path = mapapi.bundle; sourceTree = "<group>"; };
		17F73A8B1E0903A60003D100 /* SearchResultTableViewController.h */ = {isa = PBXFileReference; fileEncoding = 4; lastKnownFileType = sourcecode.c.h; path = SearchResultTableViewController.h; sourceTree = "<group>"; };
		17F73A8C1E0903A60003D100 /* SearchResultTableViewController.m */ = {isa = PBXFileReference; fileEncoding = 4; lastKnownFileType = sourcecode.c.objc; path = SearchResultTableViewController.m; sourceTree = "<group>"; };
		17F805231E07693A00DF1DBF /* AppDelegate.h */ = {isa = PBXFileReference; fileEncoding = 4; lastKnownFileType = sourcecode.c.h; path = AppDelegate.h; sourceTree = "<group>"; };
		17F805241E07693A00DF1DBF /* AppDelegate.mm */ = {isa = PBXFileReference; fileEncoding = 4; lastKnownFileType = sourcecode.cpp.objcpp; path = AppDelegate.mm; sourceTree = "<group>"; };
		17F805251E07693A00DF1DBF /* Assets.xcassets */ = {isa = PBXFileReference; lastKnownFileType = folder.assetcatalog; path = Assets.xcassets; sourceTree = "<group>"; };
		17F805271E07693A00DF1DBF /* Base */ = {isa = PBXFileReference; lastKnownFileType = file.storyboard; name = Base; path = Base.lproj/LaunchScreen.storyboard; sourceTree = "<group>"; };
		17F805291E07693A00DF1DBF /* Base */ = {isa = PBXFileReference; lastKnownFileType = file.storyboard; name = Base; path = Base.lproj/Main.storyboard; sourceTree = "<group>"; };
		17F8052A1E07693A00DF1DBF /* Info.plist */ = {isa = PBXFileReference; fileEncoding = 4; lastKnownFileType = text.plist.xml; path = Info.plist; sourceTree = "<group>"; };
		17F8052B1E07693A00DF1DBF /* LocationManager.h */ = {isa = PBXFileReference; fileEncoding = 4; lastKnownFileType = sourcecode.c.h; path = LocationManager.h; sourceTree = "<group>"; };
		17F8052C1E07693A00DF1DBF /* LocationManager.m */ = {isa = PBXFileReference; fileEncoding = 4; lastKnownFileType = sourcecode.c.objc; path = LocationManager.m; sourceTree = "<group>"; };
		17F8052D1E07693A00DF1DBF /* main.m */ = {isa = PBXFileReference; fileEncoding = 4; lastKnownFileType = sourcecode.c.objc; path = main.m; sourceTree = "<group>"; };
		17F805301E07693A00DF1DBF /* ViewController.h */ = {isa = PBXFileReference; fileEncoding = 4; lastKnownFileType = sourcecode.c.h; path = ViewController.h; sourceTree = "<group>"; };
		17F805311E07693A00DF1DBF /* ViewController.m */ = {isa = PBXFileReference; fileEncoding = 4; lastKnownFileType = sourcecode.c.objc; path = ViewController.m; sourceTree = "<group>"; };
		17F8053D1E076D3800DF1DBF /* MKHotCityCell.h */ = {isa = PBXFileReference; fileEncoding = 4; lastKnownFileType = sourcecode.c.h; path = MKHotCityCell.h; sourceTree = "<group>"; };
		17F8053E1E076D3800DF1DBF /* MKHotCityCell.m */ = {isa = PBXFileReference; fileEncoding = 4; lastKnownFileType = sourcecode.c.objc; path = MKHotCityCell.m; sourceTree = "<group>"; };
		17F805401E076EFB00DF1DBF /* MKCurrentCityCell.h */ = {isa = PBXFileReference; fileEncoding = 4; lastKnownFileType = sourcecode.c.h; path = MKCurrentCityCell.h; sourceTree = "<group>"; };
		17F805411E076EFB00DF1DBF /* MKCurrentCityCell.m */ = {isa = PBXFileReference; fileEncoding = 4; lastKnownFileType = sourcecode.c.objc; path = MKCurrentCityCell.m; sourceTree = "<group>"; };
		17F805431E07738900DF1DBF /* CitySelecterPCH.pch */ = {isa = PBXFileReference; lastKnownFileType = sourcecode.c.h; path = CitySelecterPCH.pch; sourceTree = "<group>"; };
		17F805481E07AA0400DF1DBF /* cities.plist */ = {isa = PBXFileReference; fileEncoding = 4; lastKnownFileType = text.plist.xml; path = cities.plist; sourceTree = "<group>"; };
		17F8054A1E07AA0400DF1DBF /* ChineseToPinyin.h */ = {isa = PBXFileReference; fileEncoding = 4; lastKnownFileType = sourcecode.c.h; path = ChineseToPinyin.h; sourceTree = "<group>"; };
		17F8054B1E07AA0400DF1DBF /* ChineseToPinyin.m */ = {isa = PBXFileReference; fileEncoding = 4; lastKnownFileType = sourcecode.c.objc; path = ChineseToPinyin.m; sourceTree = "<group>"; };
/* End PBXFileReference section */

/* Begin PBXFrameworksBuildPhase section */
		174B5AC71DFA7AB600B4817D /* Frameworks */ = {
			isa = PBXFrameworksBuildPhase;
			buildActionMask = 2147483647;
			files = (
				174B5B001DFA7C9E00B4817D /* libstdc++.6.0.9.tbd in Frameworks */,
				174B5AFE1DFA7C8700B4817D /* libsqlite3.0.tbd in Frameworks */,
				174B5AFC1DFA7C6200B4817D /* CoreTelephony.framework in Frameworks */,
				174B5AFA1DFA7C4200B4817D /* Security.framework in Frameworks */,
				174B5AF81DFA7C2200B4817D /* CoreGraphics.framework in Frameworks */,
				174B5AF61DFA7BF700B4817D /* SystemConfiguration.framework in Frameworks */,
				174B5AF41DFA7BE500B4817D /* OpenGLES.framework in Frameworks */,
				174B5AF21DFA7BD300B4817D /* QuartzCore.framework in Frameworks */,
				174B5AF01DFA7BB900B4817D /* CoreLocation.framework in Frameworks */,
				174B5AEA1DFA7B3200B4817D /* BaiduMapAPI_Base.framework in Frameworks */,
				174B5AEB1DFA7B3200B4817D /* BaiduMapAPI_Location.framework in Frameworks */,
				174B5AED1DFA7B3200B4817D /* BaiduMapAPI_Search.framework in Frameworks */,
				174B5AEE1DFA7B3200B4817D /* BaiduMapAPI_Utils.framework in Frameworks */,
				174B5AEC1DFA7B3200B4817D /* BaiduMapAPI_Map.framework in Frameworks */,
			);
			runOnlyForDeploymentPostprocessing = 0;
		};
/* End PBXFrameworksBuildPhase section */

/* Begin PBXGroup section */
		1712B33A1E07BD88000AC87B /* CityPickerVC */ = {
			isa = PBXGroup;
			children = (
				17F73A8A1E09033B0003D100 /* SearchResultVC */,
				178992701E8DEC090088F294 /* CityPickerViewController.h */,
				178992711E8DEC090088F294 /* CityPickerViewController.m */,
				17A76EE51E8CC9C500F95912 /* AnimationIndexView.h */,
				17A76EE61E8CC9C500F95912 /* AnimationIndexView.m */,
			);
			path = CityPickerVC;
			sourceTree = "<group>";
		};
		174B5AC11DFA7AB600B4817D = {
			isa = PBXGroup;
			children = (
				17F805201E07693A00DF1DBF /* CitySelecter */,
				17ED38751DFFB9D90038DD84 /* Resources */,
				174B5AE41DFA7B0E00B4817D /* FrameWorks */,
				174B5ACB1DFA7AB600B4817D /* Products */,
			);
			sourceTree = "<group>";
		};
		174B5ACB1DFA7AB600B4817D /* Products */ = {
			isa = PBXGroup;
			children = (
				174B5ACA1DFA7AB600B4817D /* CitySelecter.app */,
			);
			name = Products;
			sourceTree = "<group>";
		};
		174B5AE41DFA7B0E00B4817D /* FrameWorks */ = {
			isa = PBXGroup;
			children = (
				174B5AFF1DFA7C9E00B4817D /* libstdc++.6.0.9.tbd */,
				174B5AFD1DFA7C8700B4817D /* libsqlite3.0.tbd */,
				174B5AFB1DFA7C6200B4817D /* CoreTelephony.framework */,
				174B5AF91DFA7C4200B4817D /* Security.framework */,
				174B5AF71DFA7C2200B4817D /* CoreGraphics.framework */,
				174B5AF51DFA7BF700B4817D /* SystemConfiguration.framework */,
				174B5AF31DFA7BE500B4817D /* OpenGLES.framework */,
				174B5AF11DFA7BD300B4817D /* QuartzCore.framework */,
				174B5AEF1DFA7BB900B4817D /* CoreLocation.framework */,
				174B5AE51DFA7B3200B4817D /* BaiduMapAPI_Base.framework */,
				174B5AE61DFA7B3200B4817D /* BaiduMapAPI_Location.framework */,
				174B5AE71DFA7B3200B4817D /* BaiduMapAPI_Map.framework */,
				174B5AE81DFA7B3200B4817D /* BaiduMapAPI_Search.framework */,
				174B5AE91DFA7B3200B4817D /* BaiduMapAPI_Utils.framework */,
			);
			path = FrameWorks;
			sourceTree = "<group>";
		};
		178992941E8DF2BE0088F294 /* 3rd_party */ = {
			isa = PBXGroup;
			children = (
				178992951E8DF2BE0088F294 /* Masonry */,
			);
			path = 3rd_party;
			sourceTree = "<group>";
		};
		178992951E8DF2BE0088F294 /* Masonry */ = {
			isa = PBXGroup;
			children = (
				178992961E8DF2BE0088F294 /* MASCompositeConstraint.h */,
				178992971E8DF2BE0088F294 /* MASCompositeConstraint.m */,
				178992981E8DF2BE0088F294 /* MASConstraint+Private.h */,
				178992991E8DF2BE0088F294 /* MASConstraint.h */,
				1789929A1E8DF2BE0088F294 /* MASConstraint.m */,
				1789929B1E8DF2BE0088F294 /* MASConstraintMaker.h */,
				1789929C1E8DF2BE0088F294 /* MASConstraintMaker.m */,
				1789929D1E8DF2BE0088F294 /* MASLayoutConstraint.h */,
				1789929E1E8DF2BE0088F294 /* MASLayoutConstraint.m */,
				1789929F1E8DF2BE0088F294 /* Masonry.h */,
				178992A01E8DF2BE0088F294 /* MASUtilities.h */,
				178992A11E8DF2BE0088F294 /* MASViewAttribute.h */,
				178992A21E8DF2BE0088F294 /* MASViewAttribute.m */,
				178992A31E8DF2BE0088F294 /* MASViewConstraint.h */,
				178992A41E8DF2BE0088F294 /* MASViewConstraint.m */,
				178992A51E8DF2BE0088F294 /* NSArray+MASAdditions.h */,
				178992A61E8DF2BE0088F294 /* NSArray+MASAdditions.m */,
				178992A71E8DF2BE0088F294 /* NSArray+MASShorthandAdditions.h */,
				178992A81E8DF2BE0088F294 /* NSLayoutConstraint+MASDebugAdditions.h */,
				178992A91E8DF2BE0088F294 /* NSLayoutConstraint+MASDebugAdditions.m */,
				178992AA1E8DF2BE0088F294 /* View+MASAdditions.h */,
				178992AB1E8DF2BE0088F294 /* View+MASAdditions.m */,
				178992AC1E8DF2BE0088F294 /* View+MASShorthandAdditions.h */,
			);
			path = Masonry;
			sourceTree = "<group>";
		};
		178992B71E8E4C800088F294 /* SearchBar */ = {
			isa = PBXGroup;
			children = (
				178992B81E8E4C800088F294 /* HXSearchBar.h */,
				178992B91E8E4C800088F294 /* HXSearchBar.m */,
			);
			path = SearchBar;
			sourceTree = "<group>";
		};
		17ED38751DFFB9D90038DD84 /* Resources */ = {
			isa = PBXGroup;
			children = (
				17F805471E07A9AE00DF1DBF /* Resources */,
				17ED38761DFFB9D90038DD84 /* mapapi.bundle */,
			);
			path = Resources;
			sourceTree = "<group>";
		};
		17F73A8A1E09033B0003D100 /* SearchResultVC */ = {
			isa = PBXGroup;
			children = (
				17F73A8B1E0903A60003D100 /* SearchResultTableViewController.h */,
				17F73A8C1E0903A60003D100 /* SearchResultTableViewController.m */,
			);
			path = SearchResultVC;
			sourceTree = "<group>";
		};
		17F805201E07693A00DF1DBF /* CitySelecter */ = {
			isa = PBXGroup;
			children = (
				178992B71E8E4C800088F294 /* SearchBar */,
				178992941E8DF2BE0088F294 /* 3rd_party */,
				1712B33A1E07BD88000AC87B /* CityPickerVC */,
				17F8053C1E076AC300DF1DBF /* CitySelecterCell */,
				17F805231E07693A00DF1DBF /* AppDelegate.h */,
				17F805241E07693A00DF1DBF /* AppDelegate.mm */,
				17F805251E07693A00DF1DBF /* Assets.xcassets */,
				17F805261E07693A00DF1DBF /* LaunchScreen.storyboard */,
				17F805281E07693A00DF1DBF /* Main.storyboard */,
				17F8052A1E07693A00DF1DBF /* Info.plist */,
				17F8052B1E07693A00DF1DBF /* LocationManager.h */,
				17F8052C1E07693A00DF1DBF /* LocationManager.m */,
				17F8052D1E07693A00DF1DBF /* main.m */,
				17F805301E07693A00DF1DBF /* ViewController.h */,
				17F805311E07693A00DF1DBF /* ViewController.m */,
				17F805431E07738900DF1DBF /* CitySelecterPCH.pch */,
			);
			path = CitySelecter;
			sourceTree = "<group>";
		};
		17F8053C1E076AC300DF1DBF /* CitySelecterCell */ = {
			isa = PBXGroup;
			children = (
				17F8053D1E076D3800DF1DBF /* MKHotCityCell.h */,
				17F8053E1E076D3800DF1DBF /* MKHotCityCell.m */,
				17F805401E076EFB00DF1DBF /* MKCurrentCityCell.h */,
				17F805411E076EFB00DF1DBF /* MKCurrentCityCell.m */,
				1773BDD01E779B40005CCBED /* MKRecentHistoryCell.h */,
				1773BDD11E779B40005CCBED /* MKRecentHistoryCell.m */,
			);
			path = CitySelecterCell;
			sourceTree = "<group>";
		};
		17F805471E07A9AE00DF1DBF /* Resources */ = {
			isa = PBXGroup;
			children = (
				17F805481E07AA0400DF1DBF /* cities.plist */,
				17F805491E07AA0400DF1DBF /* PinYin */,
			);
			path = Resources;
			sourceTree = "<group>";
		};
		17F805491E07AA0400DF1DBF /* PinYin */ = {
			isa = PBXGroup;
			children = (
				17F8054A1E07AA0400DF1DBF /* ChineseToPinyin.h */,
				17F8054B1E07AA0400DF1DBF /* ChineseToPinyin.m */,
			);
			path = PinYin;
			sourceTree = "<group>";
		};
/* End PBXGroup section */

/* Begin PBXNativeTarget section */
		174B5AC91DFA7AB600B4817D /* CitySelecter */ = {
			isa = PBXNativeTarget;
			buildConfigurationList = 174B5AE11DFA7AB600B4817D /* Build configuration list for PBXNativeTarget "CitySelecter" */;
			buildPhases = (
				174B5AC61DFA7AB600B4817D /* Sources */,
				174B5AC71DFA7AB600B4817D /* Frameworks */,
				174B5AC81DFA7AB600B4817D /* Resources */,
			);
			buildRules = (
			);
			dependencies = (
			);
			name = CitySelecter;
			productName = BaiduTest;
			productReference = 174B5ACA1DFA7AB600B4817D /* CitySelecter.app */;
			productType = "com.apple.product-type.application";
		};
/* End PBXNativeTarget section */

/* Begin PBXProject section */
		174B5AC21DFA7AB600B4817D /* Project object */ = {
			isa = PBXProject;
			attributes = {
				LastUpgradeCheck = 0820;
				ORGANIZATIONNAME = Mark;
				TargetAttributes = {
					174B5AC91DFA7AB600B4817D = {
						CreatedOnToolsVersion = 7.2;
					};
				};
			};
			buildConfigurationList = 174B5AC51DFA7AB600B4817D /* Build configuration list for PBXProject "CitySelecter" */;
			compatibilityVersion = "Xcode 3.2";
			developmentRegion = English;
			hasScannedForEncodings = 0;
			knownRegions = (
				en,
				Base,
			);
			mainGroup = 174B5AC11DFA7AB600B4817D;
			productRefGroup = 174B5ACB1DFA7AB600B4817D /* Products */;
			projectDirPath = "";
			projectRoot = "";
			targets = (
				174B5AC91DFA7AB600B4817D /* CitySelecter */,
			);
		};
/* End PBXProject section */

/* Begin PBXResourcesBuildPhase section */
		174B5AC81DFA7AB600B4817D /* Resources */ = {
			isa = PBXResourcesBuildPhase;
			buildActionMask = 2147483647;
			files = (
				17F805351E07693A00DF1DBF /* LaunchScreen.storyboard in Resources */,
				17F805341E07693A00DF1DBF /* Assets.xcassets in Resources */,
				17ED38771DFFB9D90038DD84 /* mapapi.bundle in Resources */,
				17F8054C1E07AA0400DF1DBF /* cities.plist in Resources */,
				17F805361E07693A00DF1DBF /* Main.storyboard in Resources */,
			);
			runOnlyForDeploymentPostprocessing = 0;
		};
/* End PBXResourcesBuildPhase section */

/* Begin PBXSourcesBuildPhase section */
		174B5AC61DFA7AB600B4817D /* Sources */ = {
			isa = PBXSourcesBuildPhase;
			buildActionMask = 2147483647;
			files = (
				17F8053B1E07693A00DF1DBF /* ViewController.m in Sources */,
				178992B31E8DF2BE0088F294 /* NSArray+MASAdditions.m in Sources */,
				1773BDD21E779B40005CCBED /* MKRecentHistoryCell.m in Sources */,
				178992B41E8DF2BE0088F294 /* NSLayoutConstraint+MASDebugAdditions.m in Sources */,
				17A76EE71E8CC9C500F95912 /* AnimationIndexView.m in Sources */,
				17F8054D1E07AA0400DF1DBF /* ChineseToPinyin.m in Sources */,
				178992B11E8DF2BE0088F294 /* MASViewAttribute.m in Sources */,
				178992B01E8DF2BE0088F294 /* MASLayoutConstraint.m in Sources */,
				178992AD1E8DF2BE0088F294 /* MASCompositeConstraint.m in Sources */,
				178992BA1E8E4C800088F294 /* HXSearchBar.m in Sources */,
				17F805381E07693A00DF1DBF /* LocationManager.m in Sources */,
				17F805421E076EFB00DF1DBF /* MKCurrentCityCell.m in Sources */,
				178992B21E8DF2BE0088F294 /* MASViewConstraint.m in Sources */,
				17F8053F1E076D3800DF1DBF /* MKHotCityCell.m in Sources */,
				17F805331E07693A00DF1DBF /* AppDelegate.mm in Sources */,
				17F805391E07693A00DF1DBF /* main.m in Sources */,
				178992AF1E8DF2BE0088F294 /* MASConstraintMaker.m in Sources */,
				17F73A8D1E0903A60003D100 /* SearchResultTableViewController.m in Sources */,
				178992AE1E8DF2BE0088F294 /* MASConstraint.m in Sources */,
				178992721E8DEC090088F294 /* CityPickerViewController.m in Sources */,
				178992B51E8DF2BE0088F294 /* View+MASAdditions.m in Sources */,
			);
			runOnlyForDeploymentPostprocessing = 0;
		};
/* End PBXSourcesBuildPhase section */

/* Begin PBXVariantGroup section */
		17F805261E07693A00DF1DBF /* LaunchScreen.storyboard */ = {
			isa = PBXVariantGroup;
			children = (
				17F805271E07693A00DF1DBF /* Base */,
			);
			name = LaunchScreen.storyboard;
			sourceTree = "<group>";
		};
		17F805281E07693A00DF1DBF /* Main.storyboard */ = {
			isa = PBXVariantGroup;
			children = (
				17F805291E07693A00DF1DBF /* Base */,
			);
			name = Main.storyboard;
			sourceTree = "<group>";
		};
/* End PBXVariantGroup section */

/* Begin XCBuildConfiguration section */
		174B5ADF1DFA7AB600B4817D /* Debug */ = {
			isa = XCBuildConfiguration;
			buildSettings = {
				ALWAYS_SEARCH_USER_PATHS = NO;
				CLANG_CXX_LANGUAGE_STANDARD = "gnu++0x";
				CLANG_CXX_LIBRARY = "libc++";
				CLANG_ENABLE_MODULES = YES;
				CLANG_ENABLE_OBJC_ARC = YES;
				CLANG_WARN_BOOL_CONVERSION = YES;
				CLANG_WARN_CONSTANT_CONVERSION = YES;
				CLANG_WARN_DIRECT_OBJC_ISA_USAGE = YES_ERROR;
				CLANG_WARN_EMPTY_BODY = YES;
				CLANG_WARN_ENUM_CONVERSION = YES;
				CLANG_WARN_INFINITE_RECURSION = YES;
				CLANG_WARN_INT_CONVERSION = YES;
				CLANG_WARN_OBJC_ROOT_CLASS = YES_ERROR;
				CLANG_WARN_SUSPICIOUS_MOVE = YES;
				CLANG_WARN_UNREACHABLE_CODE = YES;
				CLANG_WARN__DUPLICATE_METHOD_MATCH = YES;
				"CODE_SIGN_IDENTITY[sdk=iphoneos*]" = "iPhone Developer";
				COPY_PHASE_STRIP = NO;
				DEBUG_INFORMATION_FORMAT = dwarf;
				ENABLE_STRICT_OBJC_MSGSEND = YES;
				ENABLE_TESTABILITY = YES;
				GCC_C_LANGUAGE_STANDARD = gnu99;
				GCC_DYNAMIC_NO_PIC = NO;
				GCC_NO_COMMON_BLOCKS = YES;
				GCC_OPTIMIZATION_LEVEL = 0;
				GCC_PREPROCESSOR_DEFINITIONS = (
					"DEBUG=1",
					"$(inherited)",
				);
				GCC_WARN_64_TO_32_BIT_CONVERSION = YES;
				GCC_WARN_ABOUT_RETURN_TYPE = YES_ERROR;
				GCC_WARN_UNDECLARED_SELECTOR = YES;
				GCC_WARN_UNINITIALIZED_AUTOS = YES_AGGRESSIVE;
				GCC_WARN_UNUSED_FUNCTION = YES;
				GCC_WARN_UNUSED_VARIABLE = YES;
				IPHONEOS_DEPLOYMENT_TARGET = 9.2;
				MTL_ENABLE_DEBUG_INFO = YES;
				ONLY_ACTIVE_ARCH = YES;
				SDKROOT = iphoneos;
			};
			name = Debug;
		};
		174B5AE01DFA7AB600B4817D /* Release */ = {
			isa = XCBuildConfiguration;
			buildSettings = {
				ALWAYS_SEARCH_USER_PATHS = NO;
				CLANG_CXX_LANGUAGE_STANDARD = "gnu++0x";
				CLANG_CXX_LIBRARY = "libc++";
				CLANG_ENABLE_MODULES = YES;
				CLANG_ENABLE_OBJC_ARC = YES;
				CLANG_WARN_BOOL_CONVERSION = YES;
				CLANG_WARN_CONSTANT_CONVERSION = YES;
				CLANG_WARN_DIRECT_OBJC_ISA_USAGE = YES_ERROR;
				CLANG_WARN_EMPTY_BODY = YES;
				CLANG_WARN_ENUM_CONVERSION = YES;
				CLANG_WARN_INFINITE_RECURSION = YES;
				CLANG_WARN_INT_CONVERSION = YES;
				CLANG_WARN_OBJC_ROOT_CLASS = YES_ERROR;
				CLANG_WARN_SUSPICIOUS_MOVE = YES;
				CLANG_WARN_UNREACHABLE_CODE = YES;
				CLANG_WARN__DUPLICATE_METHOD_MATCH = YES;
				"CODE_SIGN_IDENTITY[sdk=iphoneos*]" = "iPhone Developer";
				COPY_PHASE_STRIP = NO;
				DEBUG_INFORMATION_FORMAT = "dwarf-with-dsym";
				ENABLE_NS_ASSERTIONS = NO;
				ENABLE_STRICT_OBJC_MSGSEND = YES;
				GCC_C_LANGUAGE_STANDARD = gnu99;
				GCC_NO_COMMON_BLOCKS = YES;
				GCC_WARN_64_TO_32_BIT_CONVERSION = YES;
				GCC_WARN_ABOUT_RETURN_TYPE = YES_ERROR;
				GCC_WARN_UNDECLARED_SELECTOR = YES;
				GCC_WARN_UNINITIALIZED_AUTOS = YES_AGGRESSIVE;
				GCC_WARN_UNUSED_FUNCTION = YES;
				GCC_WARN_UNUSED_VARIABLE = YES;
				IPHONEOS_DEPLOYMENT_TARGET = 9.2;
				MTL_ENABLE_DEBUG_INFO = NO;
				SDKROOT = iphoneos;
				VALIDATE_PRODUCT = YES;
			};
			name = Release;
		};
		174B5AE21DFA7AB600B4817D /* Debug */ = {
			isa = XCBuildConfiguration;
			buildSettings = {
				ASSETCATALOG_COMPILER_APPICON_NAME = AppIcon;
				FRAMEWORK_SEARCH_PATHS = (
					"$(inherited)",
					"$(PROJECT_DIR)/FrameWorks",
				);
				GCC_PREFIX_HEADER = /Users/shendan/Desktop/TestVersion/CitySelecter/CitySelecter/CitySelecterPCH.pch;
				INFOPLIST_FILE = CitySelecter/Info.plist;
				IPHONEOS_DEPLOYMENT_TARGET = 9.1;
				LD_RUNPATH_SEARCH_PATHS = "$(inherited) @executable_path/Frameworks";
				OTHER_LDFLAGS = "-ObjC";
				PRODUCT_BUNDLE_IDENTIFIER = com.beihu.tong.FastBus;
				PRODUCT_NAME = CitySelecter;
				TARGETED_DEVICE_FAMILY = 1;
			};
			name = Debug;
		};
		174B5AE31DFA7AB600B4817D /* Release */ = {
			isa = XCBuildConfiguration;
			buildSettings = {
				ASSETCATALOG_COMPILER_APPICON_NAME = AppIcon;
				FRAMEWORK_SEARCH_PATHS = (
					"$(inherited)",
					"$(PROJECT_DIR)/FrameWorks",
				);
				GCC_PREFIX_HEADER = /Users/shendan/Desktop/TestVersion/CitySelecter/CitySelecter/CitySelecterPCH.pch;
				INFOPLIST_FILE = CitySelecter/Info.plist;
				IPHONEOS_DEPLOYMENT_TARGET = 9.1;
				LD_RUNPATH_SEARCH_PATHS = "$(inherited) @executable_path/Frameworks";
				OTHER_LDFLAGS = "-ObjC";
				PRODUCT_BUNDLE_IDENTIFIER = com.beihu.tong.FastBus;
				PRODUCT_NAME = CitySelecter;
				TARGETED_DEVICE_FAMILY = 1;
			};
			name = Release;
		};
/* End XCBuildConfiguration section */

/* Begin XCConfigurationList section */
		174B5AC51DFA7AB600B4817D /* Build configuration list for PBXProject "CitySelecter" */ = {
			isa = XCConfigurationList;
			buildConfigurations = (
				174B5ADF1DFA7AB600B4817D /* Debug */,
				174B5AE01DFA7AB600B4817D /* Release */,
			);
			defaultConfigurationIsVisible = 0;
			defaultConfigurationName = Release;
		};
		174B5AE11DFA7AB600B4817D /* Build configuration list for PBXNativeTarget "CitySelecter" */ = {
			isa = XCConfigurationList;
			buildConfigurations = (
				174B5AE21DFA7AB600B4817D /* Debug */,
				174B5AE31DFA7AB600B4817D /* Release */,
			);
			defaultConfigurationIsVisible = 0;
			defaultConfigurationName = Release;
		};
/* End XCConfigurationList section */
	};
	rootObject = 174B5AC21DFA7AB600B4817D /* Project object */;
}
